
Microsoft Visual Studio Solution File, Format Version 12.00
# Visual Studio 15
VisualStudioVersion = 15.0.28307.136
MinimumVisualStudioVersion = 10.0.40219.1
Project("{FAE04EC0-301F-11D3-BF4B-00C04F79EFBC}") = "TestAzureStorage", "TestAzureStorage\TestAzureStorage.csproj", "{EF41ACA4-E9E3-40A0-BB71-BB8E40F6FAC1}"
EndProject
Global
	GlobalSection(SolutionConfigurationPlatforms) = preSolution
		Debug|Any CPU = Debug|Any CPU
		Release|Any CPU = Release|Any CPU
	EndGlobalSection
	GlobalSection(ProjectConfigurationPlatforms) = postSolution
		{EF41ACA4-E9E3-40A0-BB71-BB8E40F6FAC1}.Debug|Any CPU.ActiveCfg = Debug|Any CPU
		{EF41ACA4-E9E3-40A0-BB71-BB8E40F6FAC1}.Debug|Any CPU.Build.0 = Debug|Any CPU
		{EF41ACA4-E9E3-40A0-BB71-BB8E40F6FAC1}.Release|Any CPU.ActiveCfg = Release|Any CPU
		{EF41ACA4-E9E3-40A0-BB71-BB8E40F6FAC1}.Release|Any CPU.Build.0 = Release|Any CPU
	EndGlobalSection
	GlobalSection(SolutionProperties) = preSolution
		HideSolutionNode = FALSE
	EndGlobalSection
	GlobalSection(ExtensibilityGlobals) = postSolution
		SolutionGuid = {2CF68D43-36C0-42EB-ABFC-7CFED02D9ADC}
	EndGlobalSection
EndGlobal
